// !$*UTF8*$!
{
	archiveVersion = 1;
	classes = {
	};
	objectVersion = 77;
	objects = {

/* Begin PBXBuildFile section */
		004149E327A608E02761727F /* Parsers.swift in Sources */ = {isa = PBXBuildFile; fileRef = 5233B332450E5CC8244626A3 /* Parsers.swift */; };
		0A634B8222A1D8B6B6F9077F /* AuthService.swift in Sources */ = {isa = PBXBuildFile; fileRef = 643CFCD85F88EE427C0D9846 /* AuthService.swift */; };
		239DB5D698E9DE58A501F259 /* PlayerService.swift in Sources */ = {isa = PBXBuildFile; fileRef = AB978B86E799BDB7EE2B4ED2 /* PlayerService.swift */; };
		27A29283AFCAEE066879A060 /* PlayerBarView.swift in Sources */ = {isa = PBXBuildFile; fileRef = 0C0F146D2BD18B7D19E10288 /* PlayerBarView.swift */; };
		2836EA9F41B151306E9B15FB /* NowPlayingView.swift in Sources */ = {isa = PBXBuildFile; fileRef = 1C2E2D8A55A40FF62EDA3B09 /* NowPlayingView.swift */; };
		2F4FD8D32AE81D2677A52DCA /* observer.js in Resources */ = {isa = PBXBuildFile; fileRef = AED155D121868C485C5358E9 /* observer.js */; };
		3092D6A6224BA702D6ABD58A /* SettingsView.swift in Sources */ = {isa = PBXBuildFile; fileRef = C433D423EA19378A4575DA05 /* SettingsView.swift */; };
		3EC68767E0049702FF8C9EB7 /* CachedAsyncImage.swift in Sources */ = {isa = PBXBuildFile; fileRef = FCF6096AF85B96EAF94994C6 /* CachedAsyncImage.swift */; };
		44BE752E76B363666F743682 /* LyricsView.swift in Sources */ = {isa = PBXBuildFile; fileRef = DACB6E40341B233C9CC1479A /* LyricsView.swift */; };
		4F8DE9873E6F52B3846DFEA8 /* Track.swift in Sources */ = {isa = PBXBuildFile; fileRef = 0064B20506DA42C8297DE986 /* Track.swift */; };
		574550338CA6034FB6F6BF7E /* ShareService.swift in Sources */ = {isa = PBXBuildFile; fileRef = AA66D25D8014AB9AAE9546C6 /* ShareService.swift */; };
		585BB95C095A9E441C97334F /* YtbMusicBarApp.swift in Sources */ = {isa = PBXBuildFile; fileRef = A89401D785B295FF2D702BFF /* YtbMusicBarApp.swift */; };
		5A5B3FC96C4EDDC767C8EC32 /* LoginView.swift in Sources */ = {isa = PBXBuildFile; fileRef = D8CC348565317F8ADC5BA704 /* LoginView.swift */; };
		6EFCF45878B6D71EE994616B /* SectionCardView.swift in Sources */ = {isa = PBXBuildFile; fileRef = BE558A4D5E49401ADD6C99B1 /* SectionCardView.swift */; };
		717FA6EA58A05257BD121BEB /* ProgressBarView.swift in Sources */ = {isa = PBXBuildFile; fileRef = 48DF581CA23BF0347D4679E0 /* ProgressBarView.swift */; };
		72E1CD1D0FAFF9DA1CB72ED3 /* NotificationService.swift in Sources */ = {isa = PBXBuildFile; fileRef = F2877F0E1E2106B3D612F17D /* NotificationService.swift */; };
		775709C83F3778EC9F480B23 /* StatusBarLyricView.swift in Sources */ = {isa = PBXBuildFile; fileRef = 2A3F376F90BE4A8D8C47589D /* StatusBarLyricView.swift */; };
		7CACF4146C28C3E03C111145 /* Constants.swift in Sources */ = {isa = PBXBuildFile; fileRef = DC2EC83797B39B5D2E89D3F7 /* Constants.swift */; };
		7EFA4B90940BF2FE1763A322 /* Playlist.swift in Sources */ = {isa = PBXBuildFile; fileRef = 85267CEAE14FA9978CC0CC42 /* Playlist.swift */; };
		8E1B4D1747741ACBC5EF8772 /* MainPanelView.swift in Sources */ = {isa = PBXBuildFile; fileRef = 8F30DF215FDEB512697FB8DD /* MainPanelView.swift */; };
		8F4ECACCB44C51EC53709D96 /* APICache.swift in Sources */ = {isa = PBXBuildFile; fileRef = BEF4C8227270FE6C659CDA67 /* APICache.swift */; };
		8FD8FE8C1957AB5E6C5B408F /* FavoritesManager.swift in Sources */ = {isa = PBXBuildFile; fileRef = 8E754636A698E1FD4F79C1BB /* FavoritesManager.swift */; };
		920261F3D6FAF89140219D14 /* PlaybackStateTests.swift in Sources */ = {isa = PBXBuildFile; fileRef = 1F4FC5E3A935C254EDD5C681 /* PlaybackStateTests.swift */; };
		933C521C75AE65DAD965EBAC /* ParsersTests.swift in Sources */ = {isa = PBXBuildFile; fileRef = 6B42100C4D111A490D3E2A87 /* ParsersTests.swift */; };
		9BE0B2B6299B3CB6BD2376B1 /* LibraryView.swift in Sources */ = {isa = PBXBuildFile; fileRef = B22E2406CC23FFD87C716E67 /* LibraryView.swift */; };
		ADA0142950B1B38C1273681C /* HomeView.swift in Sources */ = {isa = PBXBuildFile; fileRef = AA29ED274FC2F0155AFFDF6D /* HomeView.swift */; };
		B0C6C19F2854F8A44445C9A5 /* YTMusicClient.swift in Sources */ = {isa = PBXBuildFile; fileRef = 96CCC82CCD179947CC0B09E2 /* YTMusicClient.swift */; };
		BDC2F911752E27DE90392825 /* SearchResult.swift in Sources */ = {isa = PBXBuildFile; fileRef = 2D7608745C68C4C28D503489 /* SearchResult.swift */; };
		BEA4CFA1EE389BB6BBA235EE /* TrackTests.swift in Sources */ = {isa = PBXBuildFile; fileRef = 0165036852CF947636DE43B4 /* TrackTests.swift */; };
		C5F852F73F5F87F5F78B2A43 /* NowPlayingManager.swift in Sources */ = {isa = PBXBuildFile; fileRef = E58F973D90D88BFF8540D89C /* NowPlayingManager.swift */; };
		CAD760C6C92333C1A4648290 /* FloatingPanel.swift in Sources */ = {isa = PBXBuildFile; fileRef = AFFD9DFD1237B276B1E8776D /* FloatingPanel.swift */; };
		CF866BF81D56B1F5871EE0CA /* controls.js in Resources */ = {isa = PBXBuildFile; fileRef = 8F2CB234EFEF6CDF864F0709 /* controls.js */; };
		DCD222A28D8B15671EC492AB /* WebKitManager.swift in Sources */ = {isa = PBXBuildFile; fileRef = DF9A663422CB7047AB556E81 /* WebKitManager.swift */; };
		DE9D8824FECB7F2D2B3C295B /* QueueView.swift in Sources */ = {isa = PBXBuildFile; fileRef = BB015A75F5F3579DB53D0A41 /* QueueView.swift */; };
		E037ECD200C5F06BF2F19259 /* AppDelegate.swift in Sources */ = {isa = PBXBuildFile; fileRef = FDE9EF5F7CDD4791DCFC2F14 /* AppDelegate.swift */; };
		E563C856906CDAAB7BE17D80 /* SingletonPlayerWebView.swift in Sources */ = {isa = PBXBuildFile; fileRef = A4C5B17E00E69D625A7DE52A /* SingletonPlayerWebView.swift */; };
		E86F04E2687E91B855DB7A00 /* Assets.xcassets in Resources */ = {isa = PBXBuildFile; fileRef = 22FAADB86D26526C8E6BEC58 /* Assets.xcassets */; };
		F302339065D953F56D01FAE4 /* SearchView.swift in Sources */ = {isa = PBXBuildFile; fileRef = 92554B1AA7DF258FD031F1D1 /* SearchView.swift */; };
		FF3CCF64A0646E9723DA682F /* SongRowView.swift in Sources */ = {isa = PBXBuildFile; fileRef = 00E96FE985272593AB111BCA /* SongRowView.swift */; };
		FF4BBE7A7BF7B74FEA266CEB /* PlaybackState.swift in Sources */ = {isa = PBXBuildFile; fileRef = 93E12641EFA74637F6DA29A2 /* PlaybackState.swift */; };
/* End PBXBuildFile section */

/* Begin PBXContainerItemProxy section */
		E72B9ECE7F4A540F5A4F58FF /* PBXContainerItemProxy */ = {
			isa = PBXContainerItemProxy;
			containerPortal = A3E4C7AB33904EB19CB6A754 /* Project object */;
			proxyType = 1;
			remoteGlobalIDString = 3B63EA7FFB6D238357EFAAFA;
			remoteInfo = YtbMusicBar;
		};
/* End PBXContainerItemProxy section */

/* Begin PBXFileReference section */
		0064B20506DA42C8297DE986 /* Track.swift */ = {isa = PBXFileReference; lastKnownFileType = sourcecode.swift; path = Track.swift; sourceTree = "<group>"; };
		00E96FE985272593AB111BCA /* SongRowView.swift */ = {isa = PBXFileReference; lastKnownFileType = sourcecode.swift; path = SongRowView.swift; sourceTree = "<group>"; };
		0165036852CF947636DE43B4 /* TrackTests.swift */ = {isa = PBXFileReference; lastKnownFileType = sourcecode.swift; path = TrackTests.swift; sourceTree = "<group>"; };
		0C0F146D2BD18B7D19E10288 /* PlayerBarView.swift */ = {isa = PBXFileReference; lastKnownFileType = sourcecode.swift; path = PlayerBarView.swift; sourceTree = "<group>"; };
		1C2E2D8A55A40FF62EDA3B09 /* NowPlayingView.swift */ = {isa = PBXFileReference; lastKnownFileType = sourcecode.swift; path = NowPlayingView.swift; sourceTree = "<group>"; };
		1F4FC5E3A935C254EDD5C681 /* PlaybackStateTests.swift */ = {isa = PBXFileReference; lastKnownFileType = sourcecode.swift; path = PlaybackStateTests.swift; sourceTree = "<group>"; };
		2A3F376F90BE4A8D8C47589D /* StatusBarLyricView.swift */ = {isa = PBXFileReference; lastKnownFileType = sourcecode.swift; path = StatusBarLyricView.swift; sourceTree = "<group>"; };
		22FAADB86D26526C8E6BEC58 /* Assets.xcassets */ = {isa = PBXFileReference; lastKnownFileType = folder.assetcatalog; path = Assets.xcassets; sourceTree = "<group>"; };
		2D7608745C68C4C28D503489 /* SearchResult.swift */ = {isa = PBXFileReference; lastKnownFileType = sourcecode.swift; path = SearchResult.swift; sourceTree = "<group>"; };
		48DF581CA23BF0347D4679E0 /* ProgressBarView.swift */ = {isa = PBXFileReference; lastKnownFileType = sourcecode.swift; path = ProgressBarView.swift; sourceTree = "<group>"; };
		5233B332450E5CC8244626A3 /* Parsers.swift */ = {isa = PBXFileReference; lastKnownFileType = sourcecode.swift; path = Parsers.swift; sourceTree = "<group>"; };
		643CFCD85F88EE427C0D9846 /* AuthService.swift */ = {isa = PBXFileReference; lastKnownFileType = sourcecode.swift; path = AuthService.swift; sourceTree = "<group>"; };
		6B42100C4D111A490D3E2A87 /* ParsersTests.swift */ = {isa = PBXFileReference; lastKnownFileType = sourcecode.swift; path = ParsersTests.swift; sourceTree = "<group>"; };
		85267CEAE14FA9978CC0CC42 /* Playlist.swift */ = {isa = PBXFileReference; lastKnownFileType = sourcecode.swift; path = Playlist.swift; sourceTree = "<group>"; };
		8E754636A698E1FD4F79C1BB /* FavoritesManager.swift */ = {isa = PBXFileReference; lastKnownFileType = sourcecode.swift; path = FavoritesManager.swift; sourceTree = "<group>"; };
		8F2CB234EFEF6CDF864F0709 /* controls.js */ = {isa = PBXFileReference; lastKnownFileType = sourcecode.javascript; path = controls.js; sourceTree = "<group>"; };
		8F30DF215FDEB512697FB8DD /* MainPanelView.swift */ = {isa = PBXFileReference; lastKnownFileType = sourcecode.swift; path = MainPanelView.swift; sourceTree = "<group>"; };
		92554B1AA7DF258FD031F1D1 /* SearchView.swift */ = {isa = PBXFileReference; lastKnownFileType = sourcecode.swift; path = SearchView.swift; sourceTree = "<group>"; };
		93E12641EFA74637F6DA29A2 /* PlaybackState.swift */ = {isa = PBXFileReference; lastKnownFileType = sourcecode.swift; path = PlaybackState.swift; sourceTree = "<group>"; };
		96CCC82CCD179947CC0B09E2 /* YTMusicClient.swift */ = {isa = PBXFileReference; lastKnownFileType = sourcecode.swift; path = YTMusicClient.swift; sourceTree = "<group>"; };
		A4C5B17E00E69D625A7DE52A /* SingletonPlayerWebView.swift */ = {isa = PBXFileReference; lastKnownFileType = sourcecode.swift; path = SingletonPlayerWebView.swift; sourceTree = "<group>"; };
		A5332ACC7764AB9A96481D2C /* YtbMusicBar.app */ = {isa = PBXFileReference; explicitFileType = wrapper.application; includeInIndex = 0; path = YtbMusicBar.app; sourceTree = BUILT_PRODUCTS_DIR; };
		A89401D785B295FF2D702BFF /* YtbMusicBarApp.swift */ = {isa = PBXFileReference; lastKnownFileType = sourcecode.swift; path = YtbMusicBarApp.swift; sourceTree = "<group>"; };
		AA29ED274FC2F0155AFFDF6D /* HomeView.swift */ = {isa = PBXFileReference; lastKnownFileType = sourcecode.swift; path = HomeView.swift; sourceTree = "<group>"; };
		AA66D25D8014AB9AAE9546C6 /* ShareService.swift */ = {isa = PBXFileReference; lastKnownFileType = sourcecode.swift; path = ShareService.swift; sourceTree = "<group>"; };
		AB978B86E799BDB7EE2B4ED2 /* PlayerService.swift */ = {isa = PBXFileReference; lastKnownFileType = sourcecode.swift; path = PlayerService.swift; sourceTree = "<group>"; };
		AED155D121868C485C5358E9 /* observer.js */ = {isa = PBXFileReference; lastKnownFileType = sourcecode.javascript; path = observer.js; sourceTree = "<group>"; };
		AFFD9DFD1237B276B1E8776D /* FloatingPanel.swift */ = {isa = PBXFileReference; lastKnownFileType = sourcecode.swift; path = FloatingPanel.swift; sourceTree = "<group>"; };
		B22E2406CC23FFD87C716E67 /* LibraryView.swift */ = {isa = PBXFileReference; lastKnownFileType = sourcecode.swift; path = LibraryView.swift; sourceTree = "<group>"; };
		BB015A75F5F3579DB53D0A41 /* QueueView.swift */ = {isa = PBXFileReference; lastKnownFileType = sourcecode.swift; path = QueueView.swift; sourceTree = "<group>"; };
		BE2CBDB802BF8EBD05254BF6 /* YtbMusicBarTests.xctest */ = {isa = PBXFileReference; explicitFileType = wrapper.cfbundle; includeInIndex = 0; path = YtbMusicBarTests.xctest; sourceTree = BUILT_PRODUCTS_DIR; };
		BE558A4D5E49401ADD6C99B1 /* SectionCardView.swift */ = {isa = PBXFileReference; lastKnownFileType = sourcecode.swift; path = SectionCardView.swift; sourceTree = "<group>"; };
		BEF4C8227270FE6C659CDA67 /* APICache.swift */ = {isa = PBXFileReference; lastKnownFileType = sourcecode.swift; path = APICache.swift; sourceTree = "<group>"; };
		C433D423EA19378A4575DA05 /* SettingsView.swift */ = {isa = PBXFileReference; lastKnownFileType = sourcecode.swift; path = SettingsView.swift; sourceTree = "<group>"; };
		D8CC348565317F8ADC5BA704 /* LoginView.swift */ = {isa = PBXFileReference; lastKnownFileType = sourcecode.swift; path = LoginView.swift; sourceTree = "<group>"; };
		DACB6E40341B233C9CC1479A /* LyricsView.swift */ = {isa = PBXFileReference; lastKnownFileType = sourcecode.swift; path = LyricsView.swift; sourceTree = "<group>"; };
		DC2EC83797B39B5D2E89D3F7 /* Constants.swift */ = {isa = PBXFileReference; lastKnownFileType = sourcecode.swift; path = Constants.swift; sourceTree = "<group>"; };
		DF9A663422CB7047AB556E81 /* WebKitManager.swift */ = {isa = PBXFileReference; lastKnownFileType = sourcecode.swift; path = WebKitManager.swift; sourceTree = "<group>"; };
		E58F973D90D88BFF8540D89C /* NowPlayingManager.swift */ = {isa = PBXFileReference; lastKnownFileType = sourcecode.swift; path = NowPlayingManager.swift; sourceTree = "<group>"; };
		F2877F0E1E2106B3D612F17D /* NotificationService.swift */ = {isa = PBXFileReference; lastKnownFileType = sourcecode.swift; path = NotificationService.swift; sourceTree = "<group>"; };
		FCF6096AF85B96EAF94994C6 /* CachedAsyncImage.swift */ = {isa = PBXFileReference; lastKnownFileType = sourcecode.swift; path = CachedAsyncImage.swift; sourceTree = "<group>"; };
		FDE9EF5F7CDD4791DCFC2F14 /* AppDelegate.swift */ = {isa = PBXFileReference; lastKnownFileType = sourcecode.swift; path = AppDelegate.swift; sourceTree = "<group>"; };
/* End PBXFileReference section */

/* Begin PBXGroup section */
		337B9C10B6ED35AABD9BAEF9 /* Models */ = {
			isa = PBXGroup;
			children = (
				93E12641EFA74637F6DA29A2 /* PlaybackState.swift */,
				85267CEAE14FA9978CC0CC42 /* Playlist.swift */,
				2D7608745C68C4C28D503489 /* SearchResult.swift */,
				0064B20506DA42C8297DE986 /* Track.swift */,
			);
			path = Models;
			sourceTree = "<group>";
		};
		4C72A76AE2B7DF94494BC502 /* YtbMusicBar */ = {
			isa = PBXGroup;
			children = (
				7C4F80AC5677BDE139C859EC /* App */,
				337B9C10B6ED35AABD9BAEF9 /* Models */,
				8556FCBE1207F121B2C7E7B4 /* Resources */,
				95A61137BF5D5912DC04BB45 /* Services */,
				D04B286AFD5880629C733BF8 /* Utilities */,
				EE674528CDAC5CDE50258565 /* Views */,
			);
			path = YtbMusicBar;
			sourceTree = "<group>";
		};
		65B710E2E417D81EB2E1CF37 /* Products */ = {
			isa = PBXGroup;
			children = (
				A5332ACC7764AB9A96481D2C /* YtbMusicBar.app */,
				BE2CBDB802BF8EBD05254BF6 /* YtbMusicBarTests.xctest */,
			);
			name = Products;
			sourceTree = "<group>";
		};
		6E02AC6340087AB9536ADF04 = {
			isa = PBXGroup;
			children = (
				4C72A76AE2B7DF94494BC502 /* YtbMusicBar */,
				9F298865989A7993BA59FDBA /* YtbMusicBarTests */,
				65B710E2E417D81EB2E1CF37 /* Products */,
			);
			sourceTree = "<group>";
		};
		7C4F80AC5677BDE139C859EC /* App */ = {
			isa = PBXGroup;
			children = (
				FDE9EF5F7CDD4791DCFC2F14 /* AppDelegate.swift */,
				AFFD9DFD1237B276B1E8776D /* FloatingPanel.swift */,
				2A3F376F90BE4A8D8C47589D /* StatusBarLyricView.swift */,
				A89401D785B295FF2D702BFF /* YtbMusicBarApp.swift */,
			);
			path = App;
			sourceTree = "<group>";
		};
		8556FCBE1207F121B2C7E7B4 /* Resources */ = {
			isa = PBXGroup;
			children = (
				22FAADB86D26526C8E6BEC58 /* Assets.xcassets */,
				8F2CB234EFEF6CDF864F0709 /* controls.js */,
				AED155D121868C485C5358E9 /* observer.js */,
			);
			path = Resources;
			sourceTree = "<group>";
		};
		95A61137BF5D5912DC04BB45 /* Services */ = {
			isa = PBXGroup;
			children = (
				643CFCD85F88EE427C0D9846 /* AuthService.swift */,
				8E754636A698E1FD4F79C1BB /* FavoritesManager.swift */,
				F2877F0E1E2106B3D612F17D /* NotificationService.swift */,
				E58F973D90D88BFF8540D89C /* NowPlayingManager.swift */,
				AB978B86E799BDB7EE2B4ED2 /* PlayerService.swift */,
				AA66D25D8014AB9AAE9546C6 /* ShareService.swift */,
				A4C5B17E00E69D625A7DE52A /* SingletonPlayerWebView.swift */,
				DF9A663422CB7047AB556E81 /* WebKitManager.swift */,
				AFBE48038F6604E9B351440C /* API */,
			);
			path = Services;
			sourceTree = "<group>";
		};
		9F298865989A7993BA59FDBA /* YtbMusicBarTests */ = {
			isa = PBXGroup;
			children = (
				6B42100C4D111A490D3E2A87 /* ParsersTests.swift */,
				1F4FC5E3A935C254EDD5C681 /* PlaybackStateTests.swift */,
				0165036852CF947636DE43B4 /* TrackTests.swift */,
			);
			path = YtbMusicBarTests;
			sourceTree = "<group>";
		};
		AFBE48038F6604E9B351440C /* API */ = {
			isa = PBXGroup;
			children = (
				BEF4C8227270FE6C659CDA67 /* APICache.swift */,
				5233B332450E5CC8244626A3 /* Parsers.swift */,
				96CCC82CCD179947CC0B09E2 /* YTMusicClient.swift */,
			);
			path = API;
			sourceTree = "<group>";
		};
		D04B286AFD5880629C733BF8 /* Utilities */ = {
			isa = PBXGroup;
			children = (
				DC2EC83797B39B5D2E89D3F7 /* Constants.swift */,
			);
			path = Utilities;
			sourceTree = "<group>";
		};
		EE674528CDAC5CDE50258565 /* Views */ = {
			isa = PBXGroup;
			children = (
				FCF6096AF85B96EAF94994C6 /* CachedAsyncImage.swift */,
				AA29ED274FC2F0155AFFDF6D /* HomeView.swift */,
				B22E2406CC23FFD87C716E67 /* LibraryView.swift */,
				D8CC348565317F8ADC5BA704 /* LoginView.swift */,
				DACB6E40341B233C9CC1479A /* LyricsView.swift */,
				8F30DF215FDEB512697FB8DD /* MainPanelView.swift */,
				1C2E2D8A55A40FF62EDA3B09 /* NowPlayingView.swift */,
				0C0F146D2BD18B7D19E10288 /* PlayerBarView.swift */,
				48DF581CA23BF0347D4679E0 /* ProgressBarView.swift */,
				BB015A75F5F3579DB53D0A41 /* QueueView.swift */,
				92554B1AA7DF258FD031F1D1 /* SearchView.swift */,
				BE558A4D5E49401ADD6C99B1 /* SectionCardView.swift */,
				C433D423EA19378A4575DA05 /* SettingsView.swift */,
				00E96FE985272593AB111BCA /* SongRowView.swift */,
			);
			path = Views;
			sourceTree = "<group>";
		};
/* End PBXGroup section */

/* Begin PBXNativeTarget section */
		3B63EA7FFB6D238357EFAAFA /* YtbMusicBar */ = {
			isa = PBXNativeTarget;
			buildConfigurationList = D3CCAB4EF0526113A7BDE6C3 /* Build configuration list for PBXNativeTarget "YtbMusicBar" */;
			buildPhases = (
				C4D058184C8A5AFE03FB8B71 /* Sources */,
				791C1D283C16C8543BC2D9B0 /* Resources */,
			);
			buildRules = (
			);
			dependencies = (
			);
			name = YtbMusicBar;
			packageProductDependencies = (
			);
			productName = YtbMusicBar;
			productReference = A5332ACC7764AB9A96481D2C /* YtbMusicBar.app */;
			productType = "com.apple.product-type.application";
		};
		70EB3A09AF467F287967E506 /* YtbMusicBarTests */ = {
			isa = PBXNativeTarget;
			buildConfigurationList = 4ACE3DC66FCAB6B94D4EADBD /* Build configuration list for PBXNativeTarget "YtbMusicBarTests" */;
			buildPhases = (
				6D37B299FA3B514D11450334 /* Sources */,
			);
			buildRules = (
			);
			dependencies = (
				81ECF47BABD1B210A249AA1A /* PBXTargetDependency */,
			);
			name = YtbMusicBarTests;
			packageProductDependencies = (
			);
			productName = YtbMusicBarTests;
			productReference = BE2CBDB802BF8EBD05254BF6 /* YtbMusicBarTests.xctest */;
			productType = "com.apple.product-type.bundle.unit-test";
		};
/* End PBXNativeTarget section */

/* Begin PBXProject section */
		A3E4C7AB33904EB19CB6A754 /* Project object */ = {
			isa = PBXProject;
			attributes = {
				BuildIndependentTargetsInParallel = YES;
				LastUpgradeCheck = 1600;
				TargetAttributes = {
				};
			};
			buildConfigurationList = 633D031AC78611C0E3D8084E /* Build configuration list for PBXProject "YtbMusicBar" */;
			developmentRegion = en;
			hasScannedForEncodings = 0;
			knownRegions = (
				Base,
				en,
			);
			mainGroup = 6E02AC6340087AB9536ADF04;
			minimizedProjectReferenceProxies = 1;
			preferredProjectObjectVersion = 77;
			productRefGroup = 65B710E2E417D81EB2E1CF37 /* Products */;
			projectDirPath = "";
			projectRoot = "";
			targets = (
				3B63EA7FFB6D238357EFAAFA /* YtbMusicBar */,
				70EB3A09AF467F287967E506 /* YtbMusicBarTests */,
			);
		};
/* End PBXProject section */

/* Begin PBXResourcesBuildPhase section */
		791C1D283C16C8543BC2D9B0 /* Resources */ = {
			isa = PBXResourcesBuildPhase;
			buildActionMask = 2147483647;
			files = (
				E86F04E2687E91B855DB7A00 /* Assets.xcassets in Resources */,
				CF866BF81D56B1F5871EE0CA /* controls.js in Resources */,
				2F4FD8D32AE81D2677A52DCA /* observer.js in Resources */,
			);
			runOnlyForDeploymentPostprocessing = 0;
		};
/* End PBXResourcesBuildPhase section */

/* Begin PBXSourcesBuildPhase section */
		6D37B299FA3B514D11450334 /* Sources */ = {
			isa = PBXSourcesBuildPhase;
			buildActionMask = 2147483647;
			files = (
				933C521C75AE65DAD965EBAC /* ParsersTests.swift in Sources */,
				920261F3D6FAF89140219D14 /* PlaybackStateTests.swift in Sources */,
				BEA4CFA1EE389BB6BBA235EE /* TrackTests.swift in Sources */,
			);
			runOnlyForDeploymentPostprocessing = 0;
		};
		C4D058184C8A5AFE03FB8B71 /* Sources */ = {
			isa = PBXSourcesBuildPhase;
			buildActionMask = 2147483647;
			files = (
				8F4ECACCB44C51EC53709D96 /* APICache.swift in Sources */,
				E037ECD200C5F06BF2F19259 /* AppDelegate.swift in Sources */,
				0A634B8222A1D8B6B6F9077F /* AuthService.swift in Sources */,
				3EC68767E0049702FF8C9EB7 /* CachedAsyncImage.swift in Sources */,
				7CACF4146C28C3E03C111145 /* Constants.swift in Sources */,
				8FD8FE8C1957AB5E6C5B408F /* FavoritesManager.swift in Sources */,
				CAD760C6C92333C1A4648290 /* FloatingPanel.swift in Sources */,
				ADA0142950B1B38C1273681C /* HomeView.swift in Sources */,
				9BE0B2B6299B3CB6BD2376B1 /* LibraryView.swift in Sources */,
				5A5B3FC96C4EDDC767C8EC32 /* LoginView.swift in Sources */,
				44BE752E76B363666F743682 /* LyricsView.swift in Sources */,
				8E1B4D1747741ACBC5EF8772 /* MainPanelView.swift in Sources */,
				72E1CD1D0FAFF9DA1CB72ED3 /* NotificationService.swift in Sources */,
				C5F852F73F5F87F5F78B2A43 /* NowPlayingManager.swift in Sources */,
				2836EA9F41B151306E9B15FB /* NowPlayingView.swift in Sources */,
				004149E327A608E02761727F /* Parsers.swift in Sources */,
				FF4BBE7A7BF7B74FEA266CEB /* PlaybackState.swift in Sources */,
				27A29283AFCAEE066879A060 /* PlayerBarView.swift in Sources */,
				239DB5D698E9DE58A501F259 /* PlayerService.swift in Sources */,
				7EFA4B90940BF2FE1763A322 /* Playlist.swift in Sources */,
				717FA6EA58A05257BD121BEB /* ProgressBarView.swift in Sources */,
				DE9D8824FECB7F2D2B3C295B /* QueueView.swift in Sources */,
				BDC2F911752E27DE90392825 /* SearchResult.swift in Sources */,
				F302339065D953F56D01FAE4 /* SearchView.swift in Sources */,
				6EFCF45878B6D71EE994616B /* SectionCardView.swift in Sources */,
				3092D6A6224BA702D6ABD58A /* SettingsView.swift in Sources */,
				574550338CA6034FB6F6BF7E /* ShareService.swift in Sources */,
				E563C856906CDAAB7BE17D80 /* SingletonPlayerWebView.swift in Sources */,
				775709C83F3778EC9F480B23 /* StatusBarLyricView.swift in Sources */,
				FF3CCF64A0646E9723DA682F /* SongRowView.swift in Sources */,
				4F8DE9873E6F52B3846DFEA8 /* Track.swift in Sources */,
				DCD222A28D8B15671EC492AB /* WebKitManager.swift in Sources */,
				B0C6C19F2854F8A44445C9A5 /* YTMusicClient.swift in Sources */,
				585BB95C095A9E441C97334F /* YtbMusicBarApp.swift in Sources */,
			);
			runOnlyForDeploymentPostprocessing = 0;
		};
/* End PBXSourcesBuildPhase section */

/* Begin PBXTargetDependency section */
		81ECF47BABD1B210A249AA1A /* PBXTargetDependency */ = {
			isa = PBXTargetDependency;
			target = 3B63EA7FFB6D238357EFAAFA /* YtbMusicBar */;
			targetProxy = E72B9ECE7F4A540F5A4F58FF /* PBXContainerItemProxy */;
		};
/* End PBXTargetDependency section */

/* Begin XCBuildConfiguration section */
		448140EA09CA6C1905121E1D /* Debug */ = {
			isa = XCBuildConfiguration;
			buildSettings = {
				ALWAYS_SEARCH_USER_PATHS = NO;
				CLANG_ANALYZER_NONNULL = YES;
				CLANG_ANALYZER_NUMBER_OBJECT_CONVERSION = YES_AGGRESSIVE;
				CLANG_CXX_LANGUAGE_STANDARD = "gnu++14";
				CLANG_CXX_LIBRARY = "libc++";
				CLANG_ENABLE_MODULES = YES;
				CLANG_ENABLE_OBJC_ARC = YES;
				CLANG_ENABLE_OBJC_WEAK = YES;
				CLANG_WARN_BLOCK_CAPTURE_AUTORELEASING = YES;
				CLANG_WARN_BOOL_CONVERSION = YES;
				CLANG_WARN_COMMA = YES;
				CLANG_WARN_CONSTANT_CONVERSION = YES;
				CLANG_WARN_DEPRECATED_OBJC_IMPLEMENTATIONS = YES;
				CLANG_WARN_DIRECT_OBJC_ISA_USAGE = YES_ERROR;
				CLANG_WARN_DOCUMENTATION_COMMENTS = YES;
				CLANG_WARN_EMPTY_BODY = YES;
				CLANG_WARN_ENUM_CONVERSION = YES;
				CLANG_WARN_INFINITE_RECURSION = YES;
				CLANG_WARN_INT_CONVERSION = YES;
				CLANG_WARN_NON_LITERAL_NULL_CONVERSION = YES;
				CLANG_WARN_OBJC_IMPLICIT_RETAIN_SELF = YES;
				CLANG_WARN_OBJC_LITERAL_CONVERSION = YES;
				CLANG_WARN_OBJC_ROOT_CLASS = YES_ERROR;
				CLANG_WARN_QUOTED_INCLUDE_IN_FRAMEWORK_HEADER = YES;
				CLANG_WARN_RANGE_LOOP_ANALYSIS = YES;
				CLANG_WARN_STRICT_PROTOTYPES = YES;
				CLANG_WARN_SUSPICIOUS_MOVE = YES;
				CLANG_WARN_UNGUARDED_AVAILABILITY = YES_AGGRESSIVE;
				CLANG_WARN_UNREACHABLE_CODE = YES;
				CLANG_WARN__DUPLICATE_METHOD_MATCH = YES;
				COPY_PHASE_STRIP = NO;
				DEBUG_INFORMATION_FORMAT = dwarf;
				ENABLE_STRICT_OBJC_MSGSEND = YES;
				ENABLE_TESTABILITY = YES;
				GCC_C_LANGUAGE_STANDARD = gnu11;
				GCC_DYNAMIC_NO_PIC = NO;
				GCC_NO_COMMON_BLOCKS = YES;
				GCC_OPTIMIZATION_LEVEL = 0;
				GCC_PREPROCESSOR_DEFINITIONS = (
					"$(inherited)",
					"DEBUG=1",
				);
				GCC_WARN_64_TO_32_BIT_CONVERSION = YES;
				GCC_WARN_ABOUT_RETURN_TYPE = YES_ERROR;
				GCC_WARN_UNDECLARED_SELECTOR = YES;
				GCC_WARN_UNINITIALIZED_AUTOS = YES_AGGRESSIVE;
				GCC_WARN_UNUSED_FUNCTION = YES;
				GCC_WARN_UNUSED_VARIABLE = YES;
				MACOSX_DEPLOYMENT_TARGET = 14.0;
				MTL_ENABLE_DEBUG_INFO = INCLUDE_SOURCE;
				MTL_FAST_MATH = YES;
				ONLY_ACTIVE_ARCH = YES;
				PRODUCT_NAME = "$(TARGET_NAME)";
				SDKROOT = macosx;
				SWIFT_ACTIVE_COMPILATION_CONDITIONS = DEBUG;
				SWIFT_OPTIMIZATION_LEVEL = "-Onone";
				SWIFT_STRICT_CONCURRENCY = complete;
				SWIFT_VERSION = 6.0;
			};
			name = Debug;
		};
		B823B34DC4A28CE1ED1505FD /* Release */ = {
			isa = XCBuildConfiguration;
			buildSettings = {
				ALWAYS_SEARCH_USER_PATHS = NO;
				CLANG_ANALYZER_NONNULL = YES;
				CLANG_ANALYZER_NUMBER_OBJECT_CONVERSION = YES_AGGRESSIVE;
				CLANG_CXX_LANGUAGE_STANDARD = "gnu++14";
				CLANG_CXX_LIBRARY = "libc++";
				CLANG_ENABLE_MODULES = YES;
				CLANG_ENABLE_OBJC_ARC = YES;
				CLANG_ENABLE_OBJC_WEAK = YES;
				CLANG_WARN_BLOCK_CAPTURE_AUTORELEASING = YES;
				CLANG_WARN_BOOL_CONVERSION = YES;
				CLANG_WARN_COMMA = YES;
				CLANG_WARN_CONSTANT_CONVERSION = YES;
				CLANG_WARN_DEPRECATED_OBJC_IMPLEMENTATIONS = YES;
				CLANG_WARN_DIRECT_OBJC_ISA_USAGE = YES_ERROR;
				CLANG_WARN_DOCUMENTATION_COMMENTS = YES;
				CLANG_WARN_EMPTY_BODY = YES;
				CLANG_WARN_ENUM_CONVERSION = YES;
				CLANG_WARN_INFINITE_RECURSION = YES;
				CLANG_WARN_INT_CONVERSION = YES;
				CLANG_WARN_NON_LITERAL_NULL_CONVERSION = YES;
				CLANG_WARN_OBJC_IMPLICIT_RETAIN_SELF = YES;
				CLANG_WARN_OBJC_LITERAL_CONVERSION = YES;
				CLANG_WARN_OBJC_ROOT_CLASS = YES_ERROR;
				CLANG_WARN_QUOTED_INCLUDE_IN_FRAMEWORK_HEADER = YES;
				CLANG_WARN_RANGE_LOOP_ANALYSIS = YES;
				CLANG_WARN_STRICT_PROTOTYPES = YES;
				CLANG_WARN_SUSPICIOUS_MOVE = YES;
				CLANG_WARN_UNGUARDED_AVAILABILITY = YES_AGGRESSIVE;
				CLANG_WARN_UNREACHABLE_CODE = YES;
				CLANG_WARN__DUPLICATE_METHOD_MATCH = YES;
				COPY_PHASE_STRIP = NO;
				DEBUG_INFORMATION_FORMAT = "dwarf-with-dsym";
				ENABLE_NS_ASSERTIONS = NO;
				ENABLE_STRICT_OBJC_MSGSEND = YES;
				GCC_C_LANGUAGE_STANDARD = gnu11;
				GCC_NO_COMMON_BLOCKS = YES;
				GCC_WARN_64_TO_32_BIT_CONVERSION = YES;
				GCC_WARN_ABOUT_RETURN_TYPE = YES_ERROR;
				GCC_WARN_UNDECLARED_SELECTOR = YES;
				GCC_WARN_UNINITIALIZED_AUTOS = YES_AGGRESSIVE;
				GCC_WARN_UNUSED_FUNCTION = YES;
				GCC_WARN_UNUSED_VARIABLE = YES;
				MACOSX_DEPLOYMENT_TARGET = 14.0;
				MTL_ENABLE_DEBUG_INFO = NO;
				MTL_FAST_MATH = YES;
				PRODUCT_NAME = "$(TARGET_NAME)";
				SDKROOT = macosx;
				SWIFT_COMPILATION_MODE = wholemodule;
				SWIFT_OPTIMIZATION_LEVEL = "-O";
				SWIFT_STRICT_CONCURRENCY = complete;
				SWIFT_VERSION = 6.0;
			};
			name = Release;
		};
		C7A4FD12CE5C40EFC15C28A5 /* Debug */ = {
			isa = XCBuildConfiguration;
			buildSettings = {
				ASSETCATALOG_COMPILER_APPICON_NAME = AppIcon;
				CODE_SIGN_ENTITLEMENTS = YtbMusicBar/Resources/YtbMusicBar.entitlements;
				COMBINE_HIDPI_IMAGES = YES;
				ENABLE_HARDENED_RUNTIME = YES;
				GENERATE_INFOPLIST_FILE = NO;
				INFOPLIST_FILE = YtbMusicBar/Resources/Info.plist;
				LD_RUNPATH_SEARCH_PATHS = (
					"$(inherited)",
					"@executable_path/../Frameworks",
				);
				PRODUCT_BUNDLE_IDENTIFIER = com.ytbmusicbar.app;
				PRODUCT_NAME = "Ytb Music Bar";
				SDKROOT = macosx;
			};
			name = Debug;
		};
		DC56548566E298ED51EFC735 /* Release */ = {
			isa = XCBuildConfiguration;
			buildSettings = {
				BUNDLE_LOADER = "$(TEST_HOST)";
				COMBINE_HIDPI_IMAGES = YES;
				GENERATE_INFOPLIST_FILE = YES;
				LD_RUNPATH_SEARCH_PATHS = (
					"$(inherited)",
					"@executable_path/../Frameworks",
					"@loader_path/../Frameworks",
				);
				PRODUCT_BUNDLE_IDENTIFIER = com.ytbmusicbar.YtbMusicBarTests;
				SDKROOT = macosx;
				TEST_HOST = "$(BUILT_PRODUCTS_DIR)/Ytb Music Bar.app/Contents/MacOS/Ytb Music Bar";
			};
			name = Release;
		};
		EB005D207CE1DABFF0B7AE51 /* Debug */ = {
			isa = XCBuildConfiguration;
			buildSettings = {
				BUNDLE_LOADER = "$(TEST_HOST)";
				COMBINE_HIDPI_IMAGES = YES;
				GENERATE_INFOPLIST_FILE = YES;
				LD_RUNPATH_SEARCH_PATHS = (
					"$(inherited)",
					"@executable_path/../Frameworks",
					"@loader_path/../Frameworks",
				);
				PRODUCT_BUNDLE_IDENTIFIER = com.ytbmusicbar.YtbMusicBarTests;
				SDKROOT = macosx;
				TEST_HOST = "$(BUILT_PRODUCTS_DIR)/Ytb Music Bar.app/Contents/MacOS/Ytb Music Bar";
			};
			name = Debug;
		};
		F1FABD19DC363A96500EE68D /* Release */ = {
			isa = XCBuildConfiguration;
			buildSettings = {
				ASSETCATALOG_COMPILER_APPICON_NAME = AppIcon;
				CODE_SIGN_ENTITLEMENTS = YtbMusicBar/Resources/YtbMusicBar.entitlements;
				COMBINE_HIDPI_IMAGES = YES;
				ENABLE_HARDENED_RUNTIME = YES;
				GENERATE_INFOPLIST_FILE = NO;
				INFOPLIST_FILE = YtbMusicBar/Resources/Info.plist;
				LD_RUNPATH_SEARCH_PATHS = (
					"$(inherited)",
					"@executable_path/../Frameworks",
				);
				PRODUCT_BUNDLE_IDENTIFIER = com.ytbmusicbar.app;
				PRODUCT_NAME = "Ytb Music Bar";
				SDKROOT = macosx;
			};
			name = Release;
		};
/* End XCBuildConfiguration section */

/* Begin XCConfigurationList section */
		4ACE3DC66FCAB6B94D4EADBD /* Build configuration list for PBXNativeTarget "YtbMusicBarTests" */ = {
			isa = XCConfigurationList;
			buildConfigurations = (
				EB005D207CE1DABFF0B7AE51 /* Debug */,
				DC56548566E298ED51EFC735 /* Release */,
			);
			defaultConfigurationIsVisible = 0;
			defaultConfigurationName = Debug;
		};
		633D031AC78611C0E3D8084E /* Build configuration list for PBXProject "YtbMusicBar" */ = {
			isa = XCConfigurationList;
			buildConfigurations = (
				448140EA09CA6C1905121E1D /* Debug */,
				B823B34DC4A28CE1ED1505FD /* Release */,
			);
			defaultConfigurationIsVisible = 0;
			defaultConfigurationName = Debug;
		};
		D3CCAB4EF0526113A7BDE6C3 /* Build configuration list for PBXNativeTarget "YtbMusicBar" */ = {
			isa = XCConfigurationList;
			buildConfigurations = (
				C7A4FD12CE5C40EFC15C28A5 /* Debug */,
				F1FABD19DC363A96500EE68D /* Release */,
			);
			defaultConfigurationIsVisible = 0;
			defaultConfigurationName = Debug;
		};
/* End XCConfigurationList section */
	};
	rootObject = A3E4C7AB33904EB19CB6A754 /* Project object */;
}
